
Microsoft Visual Studio Solution File, Format Version 12.00
# Visual Studio 2013
VisualStudioVersion = 12.0.31101.0
MinimumVisualStudioVersion = 10.0.40219.1
Project("{FAE04EC0-301F-11D3-BF4B-00C04F79EFBC}") = "ProductionMan.Common", "ProductionMan.Common\ProductionMan.Common.csproj", "{33B2185E-EC7E-4407-85C7-4504C5573633}"
EndProject
Project("{FAE04EC0-301F-11D3-BF4B-00C04F79EFBC}") = "ProductionMan.Data", "ProductionMan.Data\ProductionMan.Data.csproj", "{B7B56708-3BFA-475F-A597-A978E486BC61}"
EndProject
Project("{FAE04EC0-301F-11D3-BF4B-00C04F79EFBC}") = "ProductionMan.Web.Api", "ProductionMan.Web.Api\ProductionMan.Web.Api.csproj", "{DB827137-868D-4C9C-B588-DAF3007B6153}"
EndProject
Project("{2150E333-8FDC-42A3-9474-1A3956D46DE8}") = "Tests", "Tests", "{4B19FA0C-77EC-4A47-9665-8EFF7122F92C}"
EndProject
Project("{FAE04EC0-301F-11D3-BF4B-00C04F79EFBC}") = "ProductionMan.Web.Api.Common", "ProductionMan.Web.Api.Common\ProductionMan.Web.Api.Common.csproj", "{E95842D5-99AF-4110-9399-82CF9B123A47}"
EndProject
Project("{FAE04EC0-301F-11D3-BF4B-00C04F79EFBC}") = "ProductionMan.Desktop", "ProductionMan.Desktop\ProductionMan.Desktop.csproj", "{82948272-B6B3-4999-AF0C-FA8525057A6A}"
EndProject
Global
	GlobalSection(SolutionConfigurationPlatforms) = preSolution
		Debug|Any CPU = Debug|Any CPU
		Release|Any CPU = Release|Any CPU
	EndGlobalSection
	GlobalSection(ProjectConfigurationPlatforms) = postSolution
		{33B2185E-EC7E-4407-85C7-4504C5573633}.Debug|Any CPU.ActiveCfg = Debug|Any CPU
		{33B2185E-EC7E-4407-85C7-4504C5573633}.Debug|Any CPU.Build.0 = Debug|Any CPU
		{33B2185E-EC7E-4407-85C7-4504C5573633}.Release|Any CPU.ActiveCfg = Release|Any CPU
		{33B2185E-EC7E-4407-85C7-4504C5573633}.Release|Any CPU.Build.0 = Release|Any CPU
		{B7B56708-3BFA-475F-A597-A978E486BC61}.Debug|Any CPU.ActiveCfg = Debug|Any CPU
		{B7B56708-3BFA-475F-A597-A978E486BC61}.Debug|Any CPU.Build.0 = Debug|Any CPU
		{B7B56708-3BFA-475F-A597-A978E486BC61}.Release|Any CPU.ActiveCfg = Release|Any CPU
		{B7B56708-3BFA-475F-A597-A978E486BC61}.Release|Any CPU.Build.0 = Release|Any CPU
		{DB827137-868D-4C9C-B588-DAF3007B6153}.Debug|Any CPU.ActiveCfg = Debug|Any CPU
		{DB827137-868D-4C9C-B588-DAF3007B6153}.Debug|Any CPU.Build.0 = Debug|Any CPU
		{DB827137-868D-4C9C-B588-DAF3007B6153}.Release|Any CPU.ActiveCfg = Release|Any CPU
		{DB827137-868D-4C9C-B588-DAF3007B6153}.Release|Any CPU.Build.0 = Release|Any CPU
		{E95842D5-99AF-4110-9399-82CF9B123A47}.Debug|Any CPU.ActiveCfg = Debug|Any CPU
		{E95842D5-99AF-4110-9399-82CF9B123A47}.Debug|Any CPU.Build.0 = Debug|Any CPU
		{E95842D5-99AF-4110-9399-82CF9B123A47}.Release|Any CPU.ActiveCfg = Release|Any CPU
		{E95842D5-99AF-4110-9399-82CF9B123A47}.Release|Any CPU.Build.0 = Release|Any CPU
		{82948272-B6B3-4999-AF0C-FA8525057A6A}.Debug|Any CPU.ActiveCfg = Debug|Any CPU
		{82948272-B6B3-4999-AF0C-FA8525057A6A}.Debug|Any CPU.Build.0 = Debug|Any CPU
		{82948272-B6B3-4999-AF0C-FA8525057A6A}.Release|Any CPU.ActiveCfg = Release|Any CPU
		{82948272-B6B3-4999-AF0C-FA8525057A6A}.Release|Any CPU.Build.0 = Release|Any CPU
	EndGlobalSection
	GlobalSection(SolutionProperties) = preSolution
		HideSolutionNode = FALSE
	EndGlobalSection
EndGlobal
